Microsoft Visual Studio Solution File, Format Version 11.00
# Visual Studio 2008

Project("{A9946B8D-0C89-D3C2-5B91-29ECA2992966}") = "survival", "Assembly-CSharp.csproj", "{0346969A-6EE5-FD57-8316-E16F609BCC61}"
EndProject
Global
	GlobalSection(SolutionConfigurationPlatforms) = preSolution
		Debug|Any CPU = Debug|Any CPU
		Release|Any CPU = Release|Any CPU
	EndGlobalSection
	GlobalSection(ProjectConfigurationPlatforms) = postSolution
		{0346969A-6EE5-FD57-8316-E16F609BCC61}.Debug|Any CPU.ActiveCfg = Debug|Any CPU
		{0346969A-6EE5-FD57-8316-E16F609BCC61}.Debug|Any CPU.Build.0 = Debug|Any CPU
		{0346969A-6EE5-FD57-8316-E16F609BCC61}.Release|Any CPU.ActiveCfg = Release|Any CPU
		{0346969A-6EE5-FD57-8316-E16F609BCC61}.Release|Any CPU.Build.0 = Release|Any CPU
	EndGlobalSection
	GlobalSection(SolutionProperties) = preSolution
		HideSolutionNode = FALSE
	EndGlobalSection
	GlobalSection(MonoDevelopProperties) = preSolution
		StartupItem = Assembly-CSharp.csproj
	EndGlobalSection
EndGlobal
